
Microsoft Visual Studio Solution File, Format Version 12.00
# Visual Studio Version 17
VisualStudioVersion = 17.7.34024.191
MinimumVisualStudioVersion = 10.0.40219.1
Project("{FAE04EC0-301F-11D3-BF4B-00C04F79EFBC}") = "StrongPasswordGenerator", "StrongPasswordGenerator\StrongPasswordGenerator.csproj", "{1D5DFB4B-049D-473F-81AE-3C38F5BBB695}"
EndProject
Global
	GlobalSection(SolutionConfigurationPlatforms) = preSolution
		Debug|Any CPU = Debug|Any CPU
		Release|Any CPU = Release|Any CPU
	EndGlobalSection
	GlobalSection(ProjectConfigurationPlatforms) = postSolution
		{1D5DFB4B-049D-473F-81AE-3C38F5BBB695}.Debug|Any CPU.ActiveCfg = Debug|Any CPU
		{1D5DFB4B-049D-473F-81AE-3C38F5BBB695}.Debug|Any CPU.Build.0 = Debug|Any CPU
		{1D5DFB4B-049D-473F-81AE-3C38F5BBB695}.Release|Any CPU.ActiveCfg = Release|Any CPU
		{1D5DFB4B-049D-473F-81AE-3C38F5BBB695}.Release|Any CPU.Build.0 = Release|Any CPU
	EndGlobalSection
	GlobalSection(SolutionProperties) = preSolution
		HideSolutionNode = FALSE
	EndGlobalSection
	GlobalSection(ExtensibilityGlobals) = postSolution
		SolutionGuid = {F5CC9917-7176-4C6C-8268-EC705660071A}
	EndGlobalSection
EndGlobal
